{
    "_readme": [
        "This file locks the dependencies of your project to a known state",
        "Read more about it at https://getcomposer.org/doc/01-basic-usage.md#composer-lock-the-lock-file",
        "This file is @generated automatically"
    ],
    "content-hash": "5473cd4113eb6b1a36f4eefc14c1887a",
    "packages": [
        {
            "name": "phore/cloudstore",
            "version": "dev-master",
            "source": {
                "type": "git",
                "url": "https://github.com/phore/phore-cloudstore.git",
                "reference": "042a391d8a2d69925cbd7875764fc595f298f054"
            },
            "dist": {
                "type": "zip",
                "url": "https://api.github.com/repos/phore/phore-cloudstore/zipball/042a391d8a2d69925cbd7875764fc595f298f054",
                "reference": "042a391d8a2d69925cbd7875764fc595f298f054",
                "shasum": ""
            },
            "require": {
                "ext-json": "*",
                "ext-yaml": "*",
                "php": ">=7.1"
            },
            "require-dev": {
                "google/cloud-storage": "dev-master",
                "nette/tester": "^2.1@dev"
            },
            "suggest": {
                "google/cloud-storage": "If using Google Cloud services"
            },
            "type": "library",
            "autoload": {
                "psr-4": {
                    "Phore\\CloudStore\\": "src/"
                },
                "files": []
            },
            "notification-url": "https://packagist.org/downloads/",
            "license": [
                "MIT"
            ],
            "authors": [
                {
                    "name": "Matthias Leuffen",
                    "email": "m@tth.es"
                }
            ],
            "description": "Data analyzing framework",
            "time": "2018-08-20T11:34:11+00:00"
        }
    ],
    "packages-dev": [
        {
            "name": "nette/tester",
            "version": "dev-master",
            "source": {
                "type": "git",
                "url": "https://github.com/nette/tester.git",
                "reference": "a06179f1ac5c92249c16a770bec21d6fb49b6071"
            },
            "dist": {
                "type": "zip",
                "url": "https://api.github.com/repos/nette/tester/zipball/a06179f1ac5c92249c16a770bec21d6fb49b6071",
                "reference": "a06179f1ac5c92249c16a770bec21d6fb49b6071",
                "shasum": ""
            },
            "require": {
                "php": ">=7.1"
            },
            "bin": [
                "src/tester"
            ],
            "type": "library",
            "extra": {
                "branch-alias": {
                    "dev-master": "2.1-dev"
                }
            },
            "autoload": {
                "classmap": [
                    "src/"
                ]
            },
            "notification-url": "https://packagist.org/downloads/",
            "license": [
                "BSD-3-Clause",
                "GPL-2.0",
                "GPL-3.0"
            ],
            "authors": [
                {
                    "name": "David Grudl",
                    "homepage": "https://davidgrudl.com"
                },
                {
                    "name": "Nette Community",
                    "homepage": "https://nette.org/contributors"
                }
            ],
            "description": "Nette Tester: enjoyable unit testing in PHP with code coverage reporter. 🍏🍏🍎🍏",
            "homepage": "https://tester.nette.org",
            "keywords": [
                "Xdebug",
                "assertions",
                "clover",
                "code coverage",
                "nette",
                "phpdbg",
                "phpunit",
                "testing",
                "unit"
            ],
            "time": "2018-08-13T14:05:02+00:00"
        }
    ],
    "aliases": [],
    "minimum-stability": "dev",
    "stability-flags": {
        "phore/cloudstore": 20,
        "nette/tester": 20
    },
    "prefer-stable": false,
    "prefer-lowest": false,
    "platform": {
        "php": ">=7.1"
    },
    "platform-dev": []
}
