{
    "_readme": [
        "This file locks the dependencies of your project to a known state",
        "Read more about it at https://getcomposer.org/doc/01-basic-usage.md#composer-lock-the-lock-file",
        "This file is @generated automatically"
    ],
    "content-hash": "48e72d9e79e6d3e25737ac34f332a909",
    "packages": [
        {
            "name": "phore/cloudstore",
            "version": "dev-master",
            "source": {
                "type": "git",
                "url": "https://github.com/phore/phore-cloudstore.git",
                "reference": "8b05fba60a19a3d2f37c49b1fdd0ae4264cdb585"
            },
            "dist": {
                "type": "zip",
                "url": "https://api.github.com/repos/phore/phore-cloudstore/zipball/8b05fba60a19a3d2f37c49b1fdd0ae4264cdb585",
                "reference": "8b05fba60a19a3d2f37c49b1fdd0ae4264cdb585",
                "shasum": ""
            },
            "require": {
                "ext-json": "*",
                "ext-yaml": "*",
                "php": ">=7.1"
            },
            "require-dev": {
                "google/cloud-storage": "dev-master",
                "nette/tester": "^2.1@dev"
            },
            "suggest": {
                "google/cloud-storage": "If using Google Cloud services"
            },
            "type": "library",
            "autoload": {
                "psr-4": {
                    "Phore\\CloudStore\\": "src/"
                },
                "files": []
            },
            "notification-url": "https://packagist.org/downloads/",
            "license": [
                "MIT"
            ],
            "authors": [
                {
                    "name": "Matthias Leuffen",
                    "email": "m@tth.es"
                }
            ],
            "description": "Data analyzing framework",
            "time": "2018-08-29T11:45:50+00:00"
        },
        {
            "name": "phore/log",
            "version": "dev-master",
            "source": {
                "type": "git",
                "url": "https://github.com/phore/phore-log.git",
                "reference": "558c4f933d2bd7088dc88c0a9e411552a6479db8"
            },
            "dist": {
                "type": "zip",
                "url": "https://api.github.com/repos/phore/phore-log/zipball/558c4f933d2bd7088dc88c0a9e411552a6479db8",
                "reference": "558c4f933d2bd7088dc88c0a9e411552a6479db8",
                "shasum": ""
            },
            "require": {
                "php": ">=7.1"
            },
            "require-dev": {
                "nette/tester": "^2.1@dev"
            },
            "type": "library",
            "autoload": {
                "psr-4": {
                    "Phore\\Log\\": "src/"
                },
                "files": [
                    "src/functions.php"
                ]
            },
            "notification-url": "https://packagist.org/downloads/",
            "license": [
                "MIT"
            ],
            "authors": [
                {
                    "name": "Matthias Leuffen",
                    "email": "m@tth.es"
                }
            ],
            "description": "Logging class",
            "keywords": [
                "Keyword1",
                "Keyword2"
            ],
            "time": "2018-08-29T11:02:39+00:00"
        },
        {
            "name": "rybakit/msgpack",
            "version": "dev-master",
            "source": {
                "type": "git",
                "url": "https://github.com/rybakit/msgpack.php.git",
                "reference": "e0e81a251fce076cd1719fab99f70a60d5ebbae2"
            },
            "dist": {
                "type": "zip",
                "url": "https://api.github.com/repos/rybakit/msgpack.php/zipball/e0e81a251fce076cd1719fab99f70a60d5ebbae2",
                "reference": "e0e81a251fce076cd1719fab99f70a60d5ebbae2",
                "shasum": ""
            },
            "require": {
                "php": "^7.1.1"
            },
            "require-dev": {
                "friendsofphp/php-cs-fixer": "^2.12",
                "phpunit/phpunit": "^7.1"
            },
            "type": "library",
            "autoload": {
                "psr-4": {
                    "MessagePack\\": "src/"
                }
            },
            "notification-url": "https://packagist.org/downloads/",
            "license": [
                "MIT"
            ],
            "authors": [
                {
                    "name": "Eugene Leonovich",
                    "email": "gen.work@gmail.com"
                }
            ],
            "description": "A pure PHP implementation of the MessagePack serialization format.",
            "keywords": [
                "messagepack",
                "msgpack",
                "pure",
                "streaming"
            ],
            "time": "2018-08-10T07:17:09+00:00"
        }
    ],
    "packages-dev": [
        {
            "name": "nette/tester",
            "version": "dev-master",
            "source": {
                "type": "git",
                "url": "https://github.com/nette/tester.git",
                "reference": "ca80e7bb1210c5e2141925b8f74ba7cf43500843"
            },
            "dist": {
                "type": "zip",
                "url": "https://api.github.com/repos/nette/tester/zipball/ca80e7bb1210c5e2141925b8f74ba7cf43500843",
                "reference": "ca80e7bb1210c5e2141925b8f74ba7cf43500843",
                "shasum": ""
            },
            "require": {
                "php": ">=7.1"
            },
            "bin": [
                "src/tester"
            ],
            "type": "library",
            "extra": {
                "branch-alias": {
                    "dev-master": "2.1-dev"
                }
            },
            "autoload": {
                "classmap": [
                    "src/"
                ]
            },
            "notification-url": "https://packagist.org/downloads/",
            "license": [
                "BSD-3-Clause",
                "GPL-2.0",
                "GPL-3.0"
            ],
            "authors": [
                {
                    "name": "David Grudl",
                    "homepage": "https://davidgrudl.com"
                },
                {
                    "name": "Nette Community",
                    "homepage": "https://nette.org/contributors"
                }
            ],
            "description": "Nette Tester: enjoyable unit testing in PHP with code coverage reporter. 🍏🍏🍎🍏",
            "homepage": "https://tester.nette.org",
            "keywords": [
                "Xdebug",
                "assertions",
                "clover",
                "code coverage",
                "nette",
                "phpdbg",
                "phpunit",
                "testing",
                "unit"
            ],
            "time": "2018-08-27T18:21:48+00:00"
        }
    ],
    "aliases": [],
    "minimum-stability": "dev",
    "stability-flags": {
        "phore/cloudstore": 20,
        "rybakit/msgpack": 20,
        "phore/log": 20,
        "nette/tester": 20
    },
    "prefer-stable": false,
    "prefer-lowest": false,
    "platform": {
        "php": ">=7.1"
    },
    "platform-dev": []
}
